
Microsoft Visual Studio Solution File, Format Version 12.00
# Visual Studio Version 16
VisualStudioVersion = 16.0.31205.134
MinimumVisualStudioVersion = 10.0.40219.1
Project("{9A19103F-16F7-4668-BE54-9A1E7A4F7556}") = "TeeChart Examples", "NetDemoNET50\TeeChart Examples.csproj", "{6D240883-CA6B-4753-A6AA-838C8C8EBC0D}"
EndProject
Project("{9A19103F-16F7-4668-BE54-9A1E7A4F7556}") = "XamlWPFDemo", "TeeChart.Xaml.WPF Demo\XamlWPFDemo.csproj", "{C72FF77C-D0BC-4FF2-AC3D-2DCD0491B8FC}"
EndProject
Project("{9A19103F-16F7-4668-BE54-9A1E7A4F7556}") = "WebNet5MVCDemo", "WebMVCNET\WebNet5MVCDemo.csproj", "{DEA69D22-FC93-4ADB-B7B6-9A483CB3D293}"
EndProject
Project("{9A19103F-16F7-4668-BE54-9A1E7A4F7556}") = "WPF_XAMLTeeChart", "WPF_XAMLTeeChart\WPF_XAMLTeeChart.csproj", "{7602FBEA-B768-4B63-A2A5-1CB52D8D5DC4}"
EndProject
Project("{9A19103F-16F7-4668-BE54-9A1E7A4F7556}") = "TeeChart.Server", "..\..\..\..\..\TCROOT\TeeChartForNET\Version 4\Sources\TeeChart.PCL.NET5\Headless\TeeChart.Server\TeeChart.Server.csproj", "{DFE21531-C1C0-4A09-ACCD-41CDF170BD73}"
EndProject
Project("{9A19103F-16F7-4668-BE54-9A1E7A4F7556}") = "TeeChart.WinForm", "..\..\..\..\..\TCROOT\TeeChartForNET\Version 4\Sources\TeeChart.PCL.NET5\TeeChart.WinForm\TeeChart.WinForm.csproj", "{C88160A4-3074-4DA7-9386-537DC75C6DA8}"
EndProject
Project("{9A19103F-16F7-4668-BE54-9A1E7A4F7556}") = "TeeChart.WPF", "..\..\..\..\..\TCROOT\TeeChartForNET\Version 4\Sources\TeeChart.PCL.NET5\TeeChart.WPF\TeeChart.WPF.csproj", "{CD8BE537-8FA6-49B0-894E-495AAD237B45}"
EndProject
Project("{9A19103F-16F7-4668-BE54-9A1E7A4F7556}") = "TeeChart.Xaml.WPF", "..\..\..\..\..\TCROOT\TeeChartForNET\Version 4\Sources\TeeChart.PCL.NET5\TeeChart.Xaml.WPF\TeeChart.Xaml.WPF.csproj", "{9F18FE68-6F8E-4F52-83DF-1EA0D34258C1}"
EndProject
Project("{9A19103F-16F7-4668-BE54-9A1E7A4F7556}") = "TeeChart", "..\..\..\..\..\TCROOT\TeeChartForNET\Version 4\Sources\TeeChart.PCL.NET5\Headless\TeeChart\TeeChart.csproj", "{398DAFD7-2980-4398-9BFE-192638B44CDC}"
EndProject
Global
	GlobalSection(SolutionConfigurationPlatforms) = preSolution
		Debug|Any CPU = Debug|Any CPU
		Release|Any CPU = Release|Any CPU
	EndGlobalSection
	GlobalSection(ProjectConfigurationPlatforms) = postSolution
		{6D240883-CA6B-4753-A6AA-838C8C8EBC0D}.Debug|Any CPU.ActiveCfg = Debug|Any CPU
		{6D240883-CA6B-4753-A6AA-838C8C8EBC0D}.Debug|Any CPU.Build.0 = Debug|Any CPU
		{6D240883-CA6B-4753-A6AA-838C8C8EBC0D}.Release|Any CPU.ActiveCfg = Release|Any CPU
		{6D240883-CA6B-4753-A6AA-838C8C8EBC0D}.Release|Any CPU.Build.0 = Release|Any CPU
		{C72FF77C-D0BC-4FF2-AC3D-2DCD0491B8FC}.Debug|Any CPU.ActiveCfg = Debug|Any CPU
		{C72FF77C-D0BC-4FF2-AC3D-2DCD0491B8FC}.Debug|Any CPU.Build.0 = Debug|Any CPU
		{C72FF77C-D0BC-4FF2-AC3D-2DCD0491B8FC}.Release|Any CPU.ActiveCfg = Release|Any CPU
		{C72FF77C-D0BC-4FF2-AC3D-2DCD0491B8FC}.Release|Any CPU.Build.0 = Release|Any CPU
		{DEA69D22-FC93-4ADB-B7B6-9A483CB3D293}.Debug|Any CPU.ActiveCfg = Debug|Any CPU
		{DEA69D22-FC93-4ADB-B7B6-9A483CB3D293}.Debug|Any CPU.Build.0 = Debug|Any CPU
		{DEA69D22-FC93-4ADB-B7B6-9A483CB3D293}.Release|Any CPU.ActiveCfg = Release|Any CPU
		{DEA69D22-FC93-4ADB-B7B6-9A483CB3D293}.Release|Any CPU.Build.0 = Release|Any CPU
		{7602FBEA-B768-4B63-A2A5-1CB52D8D5DC4}.Debug|Any CPU.ActiveCfg = Debug|Any CPU
		{7602FBEA-B768-4B63-A2A5-1CB52D8D5DC4}.Debug|Any CPU.Build.0 = Debug|Any CPU
		{7602FBEA-B768-4B63-A2A5-1CB52D8D5DC4}.Release|Any CPU.ActiveCfg = Release|Any CPU
		{7602FBEA-B768-4B63-A2A5-1CB52D8D5DC4}.Release|Any CPU.Build.0 = Release|Any CPU
		{DFE21531-C1C0-4A09-ACCD-41CDF170BD73}.Debug|Any CPU.ActiveCfg = Debug|Any CPU
		{DFE21531-C1C0-4A09-ACCD-41CDF170BD73}.Debug|Any CPU.Build.0 = Debug|Any CPU
		{DFE21531-C1C0-4A09-ACCD-41CDF170BD73}.Release|Any CPU.ActiveCfg = Release|Any CPU
		{DFE21531-C1C0-4A09-ACCD-41CDF170BD73}.Release|Any CPU.Build.0 = Release|Any CPU
		{C88160A4-3074-4DA7-9386-537DC75C6DA8}.Debug|Any CPU.ActiveCfg = Debug|Any CPU
		{C88160A4-3074-4DA7-9386-537DC75C6DA8}.Debug|Any CPU.Build.0 = Debug|Any CPU
		{C88160A4-3074-4DA7-9386-537DC75C6DA8}.Release|Any CPU.ActiveCfg = Release|Any CPU
		{C88160A4-3074-4DA7-9386-537DC75C6DA8}.Release|Any CPU.Build.0 = Release|Any CPU
		{CD8BE537-8FA6-49B0-894E-495AAD237B45}.Debug|Any CPU.ActiveCfg = Debug|Any CPU
		{CD8BE537-8FA6-49B0-894E-495AAD237B45}.Debug|Any CPU.Build.0 = Debug|Any CPU
		{CD8BE537-8FA6-49B0-894E-495AAD237B45}.Release|Any CPU.ActiveCfg = Release|Any CPU
		{CD8BE537-8FA6-49B0-894E-495AAD237B45}.Release|Any CPU.Build.0 = Release|Any CPU
		{9F18FE68-6F8E-4F52-83DF-1EA0D34258C1}.Debug|Any CPU.ActiveCfg = Debug|Any CPU
		{9F18FE68-6F8E-4F52-83DF-1EA0D34258C1}.Debug|Any CPU.Build.0 = Debug|Any CPU
		{9F18FE68-6F8E-4F52-83DF-1EA0D34258C1}.Release|Any CPU.ActiveCfg = Release|Any CPU
		{9F18FE68-6F8E-4F52-83DF-1EA0D34258C1}.Release|Any CPU.Build.0 = Release|Any CPU
		{398DAFD7-2980-4398-9BFE-192638B44CDC}.Debug|Any CPU.ActiveCfg = Debug|Any CPU
		{398DAFD7-2980-4398-9BFE-192638B44CDC}.Debug|Any CPU.Build.0 = Debug|Any CPU
		{398DAFD7-2980-4398-9BFE-192638B44CDC}.Release|Any CPU.ActiveCfg = Release|Any CPU
		{398DAFD7-2980-4398-9BFE-192638B44CDC}.Release|Any CPU.Build.0 = Release|Any CPU
	EndGlobalSection
	GlobalSection(SolutionProperties) = preSolution
		HideSolutionNode = FALSE
	EndGlobalSection
	GlobalSection(ExtensibilityGlobals) = postSolution
		SolutionGuid = {8B5A77BB-0F50-43EB-A981-D0F820546D07}
	EndGlobalSection
EndGlobal
